
Microsoft Visual Studio Solution File, Format Version 12.00
# Visual Studio 14
VisualStudioVersion = 14.0.23107.0
MinimumVisualStudioVersion = 10.0.40219.1
Project("{8BC9CEB8-8B4A-11D0-8D11-00A0C91BC942}") = "B+TREE（EXAMPLE）", "B+TREE（EXAMPLE）\B+TREE（EXAMPLE）.vcxproj", "{430CD0D5-08D7-42CE-BE07-FABC353A6D66}"
EndProject
Global
	GlobalSection(SolutionConfigurationPlatforms) = preSolution
		Debug|x64 = Debug|x64
		Debug|x86 = Debug|x86
		Release|x64 = Release|x64
		Release|x86 = Release|x86
	EndGlobalSection
	GlobalSection(ProjectConfigurationPlatforms) = postSolution
		{430CD0D5-08D7-42CE-BE07-FABC353A6D66}.Debug|x64.ActiveCfg = Debug|x64
		{430CD0D5-08D7-42CE-BE07-FABC353A6D66}.Debug|x64.Build.0 = Debug|x64
		{430CD0D5-08D7-42CE-BE07-FABC353A6D66}.Debug|x86.ActiveCfg = Debug|Win32
		{430CD0D5-08D7-42CE-BE07-FABC353A6D66}.Debug|x86.Build.0 = Debug|Win32
		{430CD0D5-08D7-42CE-BE07-FABC353A6D66}.Release|x64.ActiveCfg = Release|x64
		{430CD0D5-08D7-42CE-BE07-FABC353A6D66}.Release|x64.Build.0 = Release|x64
		{430CD0D5-08D7-42CE-BE07-FABC353A6D66}.Release|x86.ActiveCfg = Release|Win32
		{430CD0D5-08D7-42CE-BE07-FABC353A6D66}.Release|x86.Build.0 = Release|Win32
	EndGlobalSection
	GlobalSection(SolutionProperties) = preSolution
		HideSolutionNode = FALSE
	EndGlobalSection
EndGlobal
